// !$*UTF8*$!
{
	archiveVersion = 1;
	classes = {
	};
	objectVersion = 50;
	objects = {

/* Begin PBXBuildFile section */
		96F98D1822F0D158009E415D /* AppDelegate.swift in Sources */ = {isa = PBXBuildFile; fileRef = 96F98D1722F0D158009E415D /* AppDelegate.swift */; };
		96F98D1A22F0D158009E415D /* ViewController.swift in Sources */ = {isa = PBXBuildFile; fileRef = 96F98D1922F0D158009E415D /* ViewController.swift */; };
		96F98D1D22F0D158009E415D /* Main.storyboard in Resources */ = {isa = PBXBuildFile; fileRef = 96F98D1B22F0D158009E415D /* Main.storyboard */; };
		96F98D1F22F0D15A009E415D /* Assets.xcassets in Resources */ = {isa = PBXBuildFile; fileRef = 96F98D1E22F0D15A009E415D /* Assets.xcassets */; };
		96F98D2222F0D15A009E415D /* LaunchScreen.storyboard in Resources */ = {isa = PBXBuildFile; fileRef = 96F98D2022F0D15A009E415D /* LaunchScreen.storyboard */; };
		96F98D2D22F0D15A009E415D /* Color_Guessing_GameTests.swift in Sources */ = {isa = PBXBuildFile; fileRef = 96F98D2C22F0D15A009E415D /* Color_Guessing_GameTests.swift */; };
		96F98D3822F0D15A009E415D /* Color_Guessing_GameUITests.swift in Sources */ = {isa = PBXBuildFile; fileRef = 96F98D3722F0D15A009E415D /* Color_Guessing_GameUITests.swift */; };
		96F98D4622F0DC01009E415D /* ColourModel.swift in Sources */ = {isa = PBXBuildFile; fileRef = 96F98D4522F0DC01009E415D /* ColourModel.swift */; };
/* End PBXBuildFile section */

/* Begin PBXContainerItemProxy section */
		96F98D2922F0D15A009E415D /* PBXContainerItemProxy */ = {
			isa = PBXContainerItemProxy;
			containerPortal = 96F98D0C22F0D158009E415D /* Project object */;
			proxyType = 1;
			remoteGlobalIDString = 96F98D1322F0D158009E415D;
			remoteInfo = Color_Guessing_Game;
		};
		96F98D3422F0D15A009E415D /* PBXContainerItemProxy */ = {
			isa = PBXContainerItemProxy;
			containerPortal = 96F98D0C22F0D158009E415D /* Project object */;
			proxyType = 1;
			remoteGlobalIDString = 96F98D1322F0D158009E415D;
			remoteInfo = Color_Guessing_Game;
		};
/* End PBXContainerItemProxy section */

/* Begin PBXFileReference section */
		96F98D1422F0D158009E415D /* Color_Guessing_Game.app */ = {isa = PBXFileReference; explicitFileType = wrapper.application; includeInIndex = 0; path = Color_Guessing_Game.app; sourceTree = BUILT_PRODUCTS_DIR; };
		96F98D1722F0D158009E415D /* AppDelegate.swift */ = {isa = PBXFileReference; lastKnownFileType = sourcecode.swift; path = AppDelegate.swift; sourceTree = "<group>"; };
		96F98D1922F0D158009E415D /* ViewController.swift */ = {isa = PBXFileReference; lastKnownFileType = sourcecode.swift; path = ViewController.swift; sourceTree = "<group>"; };
		96F98D1C22F0D158009E415D /* Base */ = {isa = PBXFileReference; lastKnownFileType = file.storyboard; name = Base; path = Base.lproj/Main.storyboard; sourceTree = "<group>"; };
		96F98D1E22F0D15A009E415D /* Assets.xcassets */ = {isa = PBXFileReference; lastKnownFileType = folder.assetcatalog; path = Assets.xcassets; sourceTree = "<group>"; };
		96F98D2122F0D15A009E415D /* Base */ = {isa = PBXFileReference; lastKnownFileType = file.storyboard; name = Base; path = Base.lproj/LaunchScreen.storyboard; sourceTree = "<group>"; };
		96F98D2322F0D15A009E415D /* Info.plist */ = {isa = PBXFileReference; lastKnownFileType = text.plist.xml; path = Info.plist; sourceTree = "<group>"; };
		96F98D2822F0D15A009E415D /* Color_Guessing_GameTests.xctest */ = {isa = PBXFileReference; explicitFileType = wrapper.cfbundle; includeInIndex = 0; path = Color_Guessing_GameTests.xctest; sourceTree = BUILT_PRODUCTS_DIR; };
		96F98D2C22F0D15A009E415D /* Color_Guessing_GameTests.swift */ = {isa = PBXFileReference; lastKnownFileType = sourcecode.swift; path = Color_Guessing_GameTests.swift; sourceTree = "<group>"; };
		96F98D2E22F0D15A009E415D /* Info.plist */ = {isa = PBXFileReference; lastKnownFileType = text.plist.xml; path = Info.plist; sourceTree = "<group>"; };
		96F98D3322F0D15A009E415D /* Color_Guessing_GameUITests.xctest */ = {isa = PBXFileReference; explicitFileType = wrapper.cfbundle; includeInIndex = 0; path = Color_Guessing_GameUITests.xctest; sourceTree = BUILT_PRODUCTS_DIR; };
		96F98D3722F0D15A009E415D /* Color_Guessing_GameUITests.swift */ = {isa = PBXFileReference; lastKnownFileType = sourcecode.swift; path = Color_Guessing_GameUITests.swift; sourceTree = "<group>"; };
		96F98D3922F0D15A009E415D /* Info.plist */ = {isa = PBXFileReference; lastKnownFileType = text.plist.xml; path = Info.plist; sourceTree = "<group>"; };
		96F98D4522F0DC01009E415D /* ColourModel.swift */ = {isa = PBXFileReference; lastKnownFileType = sourcecode.swift; path = ColourModel.swift; sourceTree = "<group>"; };
/* End PBXFileReference section */

/* Begin PBXFrameworksBuildPhase section */
		96F98D1122F0D158009E415D /* Frameworks */ = {
			isa = PBXFrameworksBuildPhase;
			buildActionMask = 2147483647;
			files = (
			);
			runOnlyForDeploymentPostprocessing = 0;
		};
		96F98D2522F0D15A009E415D /* Frameworks */ = {
			isa = PBXFrameworksBuildPhase;
			buildActionMask = 2147483647;
			files = (
			);
			runOnlyForDeploymentPostprocessing = 0;
		};
		96F98D3022F0D15A009E415D /* Frameworks */ = {
			isa = PBXFrameworksBuildPhase;
			buildActionMask = 2147483647;
			files = (
			);
			runOnlyForDeploymentPostprocessing = 0;
		};
/* End PBXFrameworksBuildPhase section */

/* Begin PBXGroup section */
		96F98D0B22F0D158009E415D = {
			isa = PBXGroup;
			children = (
				96F98D1622F0D158009E415D /* Color_Guessing_Game */,
				96F98D2B22F0D15A009E415D /* Color_Guessing_GameTests */,
				96F98D3622F0D15A009E415D /* Color_Guessing_GameUITests */,
				96F98D1522F0D158009E415D /* Products */,
			);
			sourceTree = "<group>";
		};
		96F98D1522F0D158009E415D /* Products */ = {
			isa = PBXGroup;
			children = (
				96F98D1422F0D158009E415D /* Color_Guessing_Game.app */,
				96F98D2822F0D15A009E415D /* Color_Guessing_GameTests.xctest */,
				96F98D3322F0D15A009E415D /* Color_Guessing_GameUITests.xctest */,
			);
			name = Products;
			sourceTree = "<group>";
		};
		96F98D1622F0D158009E415D /* Color_Guessing_Game */ = {
			isa = PBXGroup;
			children = (
				96F98D1722F0D158009E415D /* AppDelegate.swift */,
				96F98D1922F0D158009E415D /* ViewController.swift */,
				96F98D1B22F0D158009E415D /* Main.storyboard */,
				96F98D4522F0DC01009E415D /* ColourModel.swift */,
				96F98D1E22F0D15A009E415D /* Assets.xcassets */,
				96F98D2022F0D15A009E415D /* LaunchScreen.storyboard */,
				96F98D2322F0D15A009E415D /* Info.plist */,
			);
			path = Color_Guessing_Game;
			sourceTree = "<group>";
		};
		96F98D2B22F0D15A009E415D /* Color_Guessing_GameTests */ = {
			isa = PBXGroup;
			children = (
				96F98D2C22F0D15A009E415D /* Color_Guessing_GameTests.swift */,
				96F98D2E22F0D15A009E415D /* Info.plist */,
			);
			path = Color_Guessing_GameTests;
			sourceTree = "<group>";
		};
		96F98D3622F0D15A009E415D /* Color_Guessing_GameUITests */ = {
			isa = PBXGroup;
			children = (
				96F98D3722F0D15A009E415D /* Color_Guessing_GameUITests.swift */,
				96F98D3922F0D15A009E415D /* Info.plist */,
			);
			path = Color_Guessing_GameUITests;
			sourceTree = "<group>";
		};
/* End PBXGroup section */

/* Begin PBXNativeTarget section */
		96F98D1322F0D158009E415D /* Color_Guessing_Game */ = {
			isa = PBXNativeTarget;
			buildConfigurationList = 96F98D3C22F0D15A009E415D /* Build configuration list for PBXNativeTarget "Color_Guessing_Game" */;
			buildPhases = (
				96F98D1022F0D158009E415D /* Sources */,
				96F98D1122F0D158009E415D /* Frameworks */,
				96F98D1222F0D158009E415D /* Resources */,
			);
			buildRules = (
			);
			dependencies = (
			);
			name = Color_Guessing_Game;
			productName = Color_Guessing_Game;
			productReference = 96F98D1422F0D158009E415D /* Color_Guessing_Game.app */;
			productType = "com.apple.product-type.application";
		};
		96F98D2722F0D15A009E415D /* Color_Guessing_GameTests */ = {
			isa = PBXNativeTarget;
			buildConfigurationList = 96F98D3F22F0D15A009E415D /* Build configuration list for PBXNativeTarget "Color_Guessing_GameTests" */;
			buildPhases = (
				96F98D2422F0D15A009E415D /* Sources */,
				96F98D2522F0D15A009E415D /* Frameworks */,
				96F98D2622F0D15A009E415D /* Resources */,
			);
			buildRules = (
			);
			dependencies = (
				96F98D2A22F0D15A009E415D /* PBXTargetDependency */,
			);
			name = Color_Guessing_GameTests;
			productName = Color_Guessing_GameTests;
			productReference = 96F98D2822F0D15A009E415D /* Color_Guessing_GameTests.xctest */;
			productType = "com.apple.product-type.bundle.unit-test";
		};
		96F98D3222F0D15A009E415D /* Color_Guessing_GameUITests */ = {
			isa = PBXNativeTarget;
			buildConfigurationList = 96F98D4222F0D15A009E415D /* Build configuration list for PBXNativeTarget "Color_Guessing_GameUITests" */;
			buildPhases = (
				96F98D2F22F0D15A009E415D /* Sources */,
				96F98D3022F0D15A009E415D /* Frameworks */,
				96F98D3122F0D15A009E415D /* Resources */,
			);
			buildRules = (
			);
			dependencies = (
				96F98D3522F0D15A009E415D /* PBXTargetDependency */,
			);
			name = Color_Guessing_GameUITests;
			productName = Color_Guessing_GameUITests;
			productReference = 96F98D3322F0D15A009E415D /* Color_Guessing_GameUITests.xctest */;
			productType = "com.apple.product-type.bundle.ui-testing";
		};
/* End PBXNativeTarget section */

/* Begin PBXProject section */
		96F98D0C22F0D158009E415D /* Project object */ = {
			isa = PBXProject;
			attributes = {
				LastSwiftUpdateCheck = 1030;
				LastUpgradeCheck = 1030;
				ORGANIZATIONNAME = Bee;
				TargetAttributes = {
					96F98D1322F0D158009E415D = {
						CreatedOnToolsVersion = 10.3;
					};
					96F98D2722F0D15A009E415D = {
						CreatedOnToolsVersion = 10.3;
						TestTargetID = 96F98D1322F0D158009E415D;
					};
					96F98D3222F0D15A009E415D = {
						CreatedOnToolsVersion = 10.3;
						TestTargetID = 96F98D1322F0D158009E415D;
					};
				};
			};
			buildConfigurationList = 96F98D0F22F0D158009E415D /* Build configuration list for PBXProject "Color_Guessing_Game" */;
			compatibilityVersion = "Xcode 9.3";
			developmentRegion = en;
			hasScannedForEncodings = 0;
			knownRegions = (
				en,
				Base,
			);
			mainGroup = 96F98D0B22F0D158009E415D;
			productRefGroup = 96F98D1522F0D158009E415D /* Products */;
			projectDirPath = "";
			projectRoot = "";
			targets = (
				96F98D1322F0D158009E415D /* Color_Guessing_Game */,
				96F98D2722F0D15A009E415D /* Color_Guessing_GameTests */,
				96F98D3222F0D15A009E415D /* Color_Guessing_GameUITests */,
			);
		};
/* End PBXProject section */

/* Begin PBXResourcesBuildPhase section */
		96F98D1222F0D158009E415D /* Resources */ = {
			isa = PBXResourcesBuildPhase;
			buildActionMask = 2147483647;
			files = (
				96F98D2222F0D15A009E415D /* LaunchScreen.storyboard in Resources */,
				96F98D1F22F0D15A009E415D /* Assets.xcassets in Resources */,
				96F98D1D22F0D158009E415D /* Main.storyboard in Resources */,
			);
			runOnlyForDeploymentPostprocessing = 0;
		};
		96F98D2622F0D15A009E415D /* Resources */ = {
			isa = PBXResourcesBuildPhase;
			buildActionMask = 2147483647;
			files = (
			);
			runOnlyForDeploymentPostprocessing = 0;
		};
		96F98D3122F0D15A009E415D /* Resources */ = {
			isa = PBXResourcesBuildPhase;
			buildActionMask = 2147483647;
			files = (
			);
			runOnlyForDeploymentPostprocessing = 0;
		};
/* End PBXResourcesBuildPhase section */

/* Begin PBXSourcesBuildPhase section */
		96F98D1022F0D158009E415D /* Sources */ = {
			isa = PBXSourcesBuildPhase;
			buildActionMask = 2147483647;
			files = (
				96F98D1A22F0D158009E415D /* ViewController.swift in Sources */,
				96F98D4622F0DC01009E415D /* ColourModel.swift in Sources */,
				96F98D1822F0D158009E415D /* AppDelegate.swift in Sources */,
			);
			runOnlyForDeploymentPostprocessing = 0;
		};
		96F98D2422F0D15A009E415D /* Sources */ = {
			isa = PBXSourcesBuildPhase;
			buildActionMask = 2147483647;
			files = (
				96F98D2D22F0D15A009E415D /* Color_Guessing_GameTests.swift in Sources */,
			);
			runOnlyForDeploymentPostprocessing = 0;
		};
		96F98D2F22F0D15A009E415D /* Sources */ = {
			isa = PBXSourcesBuildPhase;
			buildActionMask = 2147483647;
			files = (
				96F98D3822F0D15A009E415D /* Color_Guessing_GameUITests.swift in Sources */,
			);
			runOnlyForDeploymentPostprocessing = 0;
		};
/* End PBXSourcesBuildPhase section */

/* Begin PBXTargetDependency section */
		96F98D2A22F0D15A009E415D /* PBXTargetDependency */ = {
			isa = PBXTargetDependency;
			target = 96F98D1322F0D158009E415D /* Color_Guessing_Game */;
			targetProxy = 96F98D2922F0D15A009E415D /* PBXContainerItemProxy */;
		};
		96F98D3522F0D15A009E415D /* PBXTargetDependency */ = {
			isa = PBXTargetDependency;
			target = 96F98D1322F0D158009E415D /* Color_Guessing_Game */;
			targetProxy = 96F98D3422F0D15A009E415D /* PBXContainerItemProxy */;
		};
/* End PBXTargetDependency section */

/* Begin PBXVariantGroup section */
		96F98D1B22F0D158009E415D /* Main.storyboard */ = {
			isa = PBXVariantGroup;
			children = (
				96F98D1C22F0D158009E415D /* Base */,
			);
			name = Main.storyboard;
			sourceTree = "<group>";
		};
		96F98D2022F0D15A009E415D /* LaunchScreen.storyboard */ = {
			isa = PBXVariantGroup;
			children = (
				96F98D2122F0D15A009E415D /* Base */,
			);
			name = LaunchScreen.storyboard;
			sourceTree = "<group>";
		};
/* End PBXVariantGroup section */

/* Begin XCBuildConfiguration section */
		96F98D3A22F0D15A009E415D /* Debug */ = {
			isa = XCBuildConfiguration;
			buildSettings = {
				ALWAYS_SEARCH_USER_PATHS = NO;
				CLANG_ANALYZER_NONNULL = YES;
				CLANG_ANALYZER_NUMBER_OBJECT_CONVERSION = YES_AGGRESSIVE;
				CLANG_CXX_LANGUAGE_STANDARD = "gnu++14";
				CLANG_CXX_LIBRARY = "libc++";
				CLANG_ENABLE_MODULES = YES;
				CLANG_ENABLE_OBJC_ARC = YES;
				CLANG_ENABLE_OBJC_WEAK = YES;
				CLANG_WARN_BLOCK_CAPTURE_AUTORELEASING = YES;
				CLANG_WARN_BOOL_CONVERSION = YES;
				CLANG_WARN_COMMA = YES;
				CLANG_WARN_CONSTANT_CONVERSION = YES;
				CLANG_WARN_DEPRECATED_OBJC_IMPLEMENTATIONS = YES;
				CLANG_WARN_DIRECT_OBJC_ISA_USAGE = YES_ERROR;
				CLANG_WARN_DOCUMENTATION_COMMENTS = YES;
				CLANG_WARN_EMPTY_BODY = YES;
				CLANG_WARN_ENUM_CONVERSION = YES;
				CLANG_WARN_INFINITE_RECURSION = YES;
				CLANG_WARN_INT_CONVERSION = YES;
				CLANG_WARN_NON_LITERAL_NULL_CONVERSION = YES;
				CLANG_WARN_OBJC_IMPLICIT_RETAIN_SELF = YES;
				CLANG_WARN_OBJC_LITERAL_CONVERSION = YES;
				CLANG_WARN_OBJC_ROOT_CLASS = YES_ERROR;
				CLANG_WARN_RANGE_LOOP_ANALYSIS = YES;
				CLANG_WARN_STRICT_PROTOTYPES = YES;
				CLANG_WARN_SUSPICIOUS_MOVE = YES;
				CLANG_WARN_UNGUARDED_AVAILABILITY = YES_AGGRESSIVE;
				CLANG_WARN_UNREACHABLE_CODE = YES;
				CLANG_WARN__DUPLICATE_METHOD_MATCH = YES;
				CODE_SIGN_IDENTITY = "iPhone Developer";
				COPY_PHASE_STRIP = NO;
				DEBUG_INFORMATION_FORMAT = dwarf;
				ENABLE_STRICT_OBJC_MSGSEND = YES;
				ENABLE_TESTABILITY = YES;
				GCC_C_LANGUAGE_STANDARD = gnu11;
				GCC_DYNAMIC_NO_PIC = NO;
				GCC_NO_COMMON_BLOCKS = YES;
				GCC_OPTIMIZATION_LEVEL = 0;
				GCC_PREPROCESSOR_DEFINITIONS = (
					"DEBUG=1",
					"$(inherited)",
				);
				GCC_WARN_64_TO_32_BIT_CONVERSION = YES;
				GCC_WARN_ABOUT_RETURN_TYPE = YES_ERROR;
				GCC_WARN_UNDECLARED_SELECTOR = YES;
				GCC_WARN_UNINITIALIZED_AUTOS = YES_AGGRESSIVE;
				GCC_WARN_UNUSED_FUNCTION = YES;
				GCC_WARN_UNUSED_VARIABLE = YES;
				IPHONEOS_DEPLOYMENT_TARGET = 12.4;
				MTL_ENABLE_DEBUG_INFO = INCLUDE_SOURCE;
				MTL_FAST_MATH = YES;
				ONLY_ACTIVE_ARCH = YES;
				SDKROOT = iphoneos;
				SWIFT_ACTIVE_COMPILATION_CONDITIONS = DEBUG;
				SWIFT_OPTIMIZATION_LEVEL = "-Onone";
			};
			name = Debug;
		};
		96F98D3B22F0D15A009E415D /* Release */ = {
			isa = XCBuildConfiguration;
			buildSettings = {
				ALWAYS_SEARCH_USER_PATHS = NO;
				CLANG_ANALYZER_NONNULL = YES;
				CLANG_ANALYZER_NUMBER_OBJECT_CONVERSION = YES_AGGRESSIVE;
				CLANG_CXX_LANGUAGE_STANDARD = "gnu++14";
				CLANG_CXX_LIBRARY = "libc++";
				CLANG_ENABLE_MODULES = YES;
				CLANG_ENABLE_OBJC_ARC = YES;
				CLANG_ENABLE_OBJC_WEAK = YES;
				CLANG_WARN_BLOCK_CAPTURE_AUTORELEASING = YES;
				CLANG_WARN_BOOL_CONVERSION = YES;
				CLANG_WARN_COMMA = YES;
				CLANG_WARN_CONSTANT_CONVERSION = YES;
				CLANG_WARN_DEPRECATED_OBJC_IMPLEMENTATIONS = YES;
				CLANG_WARN_DIRECT_OBJC_ISA_USAGE = YES_ERROR;
				CLANG_WARN_DOCUMENTATION_COMMENTS = YES;
				CLANG_WARN_EMPTY_BODY = YES;
				CLANG_WARN_ENUM_CONVERSION = YES;
				CLANG_WARN_INFINITE_RECURSION = YES;
				CLANG_WARN_INT_CONVERSION = YES;
				CLANG_WARN_NON_LITERAL_NULL_CONVERSION = YES;
				CLANG_WARN_OBJC_IMPLICIT_RETAIN_SELF = YES;
				CLANG_WARN_OBJC_LITERAL_CONVERSION = YES;
				CLANG_WARN_OBJC_ROOT_CLASS = YES_ERROR;
				CLANG_WARN_RANGE_LOOP_ANALYSIS = YES;
				CLANG_WARN_STRICT_PROTOTYPES = YES;
				CLANG_WARN_SUSPICIOUS_MOVE = YES;
				CLANG_WARN_UNGUARDED_AVAILABILITY = YES_AGGRESSIVE;
				CLANG_WARN_UNREACHABLE_CODE = YES;
				CLANG_WARN__DUPLICATE_METHOD_MATCH = YES;
				CODE_SIGN_IDENTITY = "iPhone Developer";
				COPY_PHASE_STRIP = NO;
				DEBUG_INFORMATION_FORMAT = "dwarf-with-dsym";
				ENABLE_NS_ASSERTIONS = NO;
				ENABLE_STRICT_OBJC_MSGSEND = YES;
				GCC_C_LANGUAGE_STANDARD = gnu11;
				GCC_NO_COMMON_BLOCKS = YES;
				GCC_WARN_64_TO_32_BIT_CONVERSION = YES;
				GCC_WARN_ABOUT_RETURN_TYPE = YES_ERROR;
				GCC_WARN_UNDECLARED_SELECTOR = YES;
				GCC_WARN_UNINITIALIZED_AUTOS = YES_AGGRESSIVE;
				GCC_WARN_UNUSED_FUNCTION = YES;
				GCC_WARN_UNUSED_VARIABLE = YES;
				IPHONEOS_DEPLOYMENT_TARGET = 12.4;
				MTL_ENABLE_DEBUG_INFO = NO;
				MTL_FAST_MATH = YES;
				SDKROOT = iphoneos;
				SWIFT_COMPILATION_MODE = wholemodule;
				SWIFT_OPTIMIZATION_LEVEL = "-O";
				VALIDATE_PRODUCT = YES;
			};
			name = Release;
		};
		96F98D3D22F0D15A009E415D /* Debug */ = {
			isa = XCBuildConfiguration;
			buildSettings = {
				ASSETCATALOG_COMPILER_APPICON_NAME = AppIcon;
				CODE_SIGN_STYLE = Automatic;
				INFOPLIST_FILE = Color_Guessing_Game/Info.plist;
				LD_RUNPATH_SEARCH_PATHS = (
					"$(inherited)",
					"@executable_path/Frameworks",
				);
				PRODUCT_BUNDLE_IDENTIFIER = "Lunarmoone.Color-Guessing-Game";
				PRODUCT_NAME = "$(TARGET_NAME)";
				SWIFT_VERSION = 5.0;
				TARGETED_DEVICE_FAMILY = "1,2";
			};
			name = Debug;
		};
		96F98D3E22F0D15A009E415D /* Release */ = {
			isa = XCBuildConfiguration;
			buildSettings = {
				ASSETCATALOG_COMPILER_APPICON_NAME = AppIcon;
				CODE_SIGN_STYLE = Automatic;
				INFOPLIST_FILE = Color_Guessing_Game/Info.plist;
				LD_RUNPATH_SEARCH_PATHS = (
					"$(inherited)",
					"@executable_path/Frameworks",
				);
				PRODUCT_BUNDLE_IDENTIFIER = "Lunarmoone.Color-Guessing-Game";
				PRODUCT_NAME = "$(TARGET_NAME)";
				SWIFT_VERSION = 5.0;
				TARGETED_DEVICE_FAMILY = "1,2";
			};
			name = Release;
		};
		96F98D4022F0D15A009E415D /* Debug */ = {
			isa = XCBuildConfiguration;
			buildSettings = {
				ALWAYS_EMBED_SWIFT_STANDARD_LIBRARIES = YES;
				BUNDLE_LOADER = "$(TEST_HOST)";
				CODE_SIGN_STYLE = Automatic;
				INFOPLIST_FILE = Color_Guessing_GameTests/Info.plist;
				LD_RUNPATH_SEARCH_PATHS = (
					"$(inherited)",
					"@executable_path/Frameworks",
					"@loader_path/Frameworks",
				);
				PRODUCT_BUNDLE_IDENTIFIER = "Lunarmoone.Color-Guessing-GameTests";
				PRODUCT_NAME = "$(TARGET_NAME)";
				SWIFT_VERSION = 5.0;
				TARGETED_DEVICE_FAMILY = "1,2";
				TEST_HOST = "$(BUILT_PRODUCTS_DIR)/Color_Guessing_Game.app/Color_Guessing_Game";
			};
			name = Debug;
		};
		96F98D4122F0D15A009E415D /* Release */ = {
			isa = XCBuildConfiguration;
			buildSettings = {
				ALWAYS_EMBED_SWIFT_STANDARD_LIBRARIES = YES;
				BUNDLE_LOADER = "$(TEST_HOST)";
				CODE_SIGN_STYLE = Automatic;
				INFOPLIST_FILE = Color_Guessing_GameTests/Info.plist;
				LD_RUNPATH_SEARCH_PATHS = (
					"$(inherited)",
					"@executable_path/Frameworks",
					"@loader_path/Frameworks",
				);
				PRODUCT_BUNDLE_IDENTIFIER = "Lunarmoone.Color-Guessing-GameTests";
				PRODUCT_NAME = "$(TARGET_NAME)";
				SWIFT_VERSION = 5.0;
				TARGETED_DEVICE_FAMILY = "1,2";
				TEST_HOST = "$(BUILT_PRODUCTS_DIR)/Color_Guessing_Game.app/Color_Guessing_Game";
			};
			name = Release;
		};
		96F98D4322F0D15A009E415D /* Debug */ = {
			isa = XCBuildConfiguration;
			buildSettings = {
				ALWAYS_EMBED_SWIFT_STANDARD_LIBRARIES = YES;
				CODE_SIGN_STYLE = Automatic;
				INFOPLIST_FILE = Color_Guessing_GameUITests/Info.plist;
				LD_RUNPATH_SEARCH_PATHS = (
					"$(inherited)",
					"@executable_path/Frameworks",
					"@loader_path/Frameworks",
				);
				PRODUCT_BUNDLE_IDENTIFIER = "Lunarmoone.Color-Guessing-GameUITests";
				PRODUCT_NAME = "$(TARGET_NAME)";
				SWIFT_VERSION = 5.0;
				TARGETED_DEVICE_FAMILY = "1,2";
				TEST_TARGET_NAME = Color_Guessing_Game;
			};
			name = Debug;
		};
		96F98D4422F0D15A009E415D /* Release */ = {
			isa = XCBuildConfiguration;
			buildSettings = {
				ALWAYS_EMBED_SWIFT_STANDARD_LIBRARIES = YES;
				CODE_SIGN_STYLE = Automatic;
				INFOPLIST_FILE = Color_Guessing_GameUITests/Info.plist;
				LD_RUNPATH_SEARCH_PATHS = (
					"$(inherited)",
					"@executable_path/Frameworks",
					"@loader_path/Frameworks",
				);
				PRODUCT_BUNDLE_IDENTIFIER = "Lunarmoone.Color-Guessing-GameUITests";
				PRODUCT_NAME = "$(TARGET_NAME)";
				SWIFT_VERSION = 5.0;
				TARGETED_DEVICE_FAMILY = "1,2";
				TEST_TARGET_NAME = Color_Guessing_Game;
			};
			name = Release;
		};
/* End XCBuildConfiguration section */

/* Begin XCConfigurationList section */
		96F98D0F22F0D158009E415D /* Build configuration list for PBXProject "Color_Guessing_Game" */ = {
			isa = XCConfigurationList;
			buildConfigurations = (
				96F98D3A22F0D15A009E415D /* Debug */,
				96F98D3B22F0D15A009E415D /* Release */,
			);
			defaultConfigurationIsVisible = 0;
			defaultConfigurationName = Release;
		};
		96F98D3C22F0D15A009E415D /* Build configuration list for PBXNativeTarget "Color_Guessing_Game" */ = {
			isa = XCConfigurationList;
			buildConfigurations = (
				96F98D3D22F0D15A009E415D /* Debug */,
				96F98D3E22F0D15A009E415D /* Release */,
			);
			defaultConfigurationIsVisible = 0;
			defaultConfigurationName = Release;
		};
		96F98D3F22F0D15A009E415D /* Build configuration list for PBXNativeTarget "Color_Guessing_GameTests" */ = {
			isa = XCConfigurationList;
			buildConfigurations = (
				96F98D4022F0D15A009E415D /* Debug */,
				96F98D4122F0D15A009E415D /* Release */,
			);
			defaultConfigurationIsVisible = 0;
			defaultConfigurationName = Release;
		};
		96F98D4222F0D15A009E415D /* Build configuration list for PBXNativeTarget "Color_Guessing_GameUITests" */ = {
			isa = XCConfigurationList;
			buildConfigurations = (
				96F98D4322F0D15A009E415D /* Debug */,
				96F98D4422F0D15A009E415D /* Release */,
			);
			defaultConfigurationIsVisible = 0;
			defaultConfigurationName = Release;
		};
/* End XCConfigurationList section */
	};
	rootObject = 96F98D0C22F0D158009E415D /* Project object */;
}
